PODS:
  - AFNetworking (3.1.0):
    - AFNetworking/NSURLSession (= 3.1.0)
    - AFNetworking/Reachability (= 3.1.0)
    - AFNetworking/Security (= 3.1.0)
    - AFNetworking/Serialization (= 3.1.0)
    - AFNetworking/UIKit (= 3.1.0)
  - AFNetworking/NSURLSession (3.1.0):
    - AFNetworking/Reachability
    - AFNetworking/Security
    - AFNetworking/Serialization
  - AFNetworking/Reachability (3.1.0)
  - AFNetworking/Security (3.1.0)
  - AFNetworking/Serialization (3.1.0)
  - AFNetworking/UIKit (3.1.0):
    - AFNetworking/NSURLSession
  - CocoaLumberjack/Default (3.3.0)
  - CocoaLumberjack/Swift (3.3.0):
    - CocoaLumberjack/Default
  - FlyImage (1.1):
    - AFNetworking (~> 3.1)
    - FlyImage/Core (= 1.1)
  - FlyImage/Core (1.1):
    - AFNetworking (~> 3.1)
  - LGSideMenuController (2.1.1)
  - MJRefresh (3.1.12)
  - PureLayout (3.0.2)
  - SDWebImage (4.1.2):
    - SDWebImage/Core (= 4.1.2)
  - SDWebImage/Core (4.1.2)
  - TPKeyboardAvoiding (1.3.1)
  - UITableView+FDTemplateLayoutCell (1.6)
  - YYText (1.0.7)
  - ZLPhotoBrowser (2.4.6):
    - SDWebImage

DEPENDENCIES:
  - AFNetworking (~> 3.0)
  - CocoaLumberjack/Swift
  - FlyImage (~> 1.0)
  - LGSideMenuController
  - MJRefresh
  - PureLayout
  - SDWebImage (~> 4.0)
  - TPKeyboardAvoiding
  - UITableView+FDTemplateLayoutCell (~> 1.6)
  - YYText
  - ZLPhotoBrowser

SPEC CHECKSUMS:
  AFNetworking: 5e0e199f73d8626b11e79750991f5d173d1f8b67
  CocoaLumberjack: 3c8c74683302f9012bb168e1c4b7ae3c0b558431
  FlyImage: 1086dd5949e20633b8679ace9ab26a35462b9ab6
  LGSideMenuController: ae40c80983ab8b8801c7cef0a6804d43aaa72d45
  MJRefresh: b96cdb21c4aa75a7b07654311ab2f315c497e806
  PureLayout: 4d550abe49a94f24c2808b9b95db9131685fe4cd
  SDWebImage: cb6f9f266a9977741efcbc21e618e8be3734c774
  TPKeyboardAvoiding: 0d6af20e95e2850f4c621841225b59ec7d8dd852
  UITableView+FDTemplateLayoutCell: 5c949b4a5059c404b442926c0e80f81d10a2d66f
  YYText: 5c461d709e24d55a182d1441c41dc639a18a4849
  ZLPhotoBrowser: 23a37735614dbb39a887451b9c13d2818dc9a8c8

PODFILE CHECKSUM: 026b04c21d77a819ead6284ec06976ed60f1cbdf

COCOAPODS: 1.3.1
